
Microsoft Visual Studio Solution File, Format Version 12.00
# Visual Studio Version 16
VisualStudioVersion = 16.0.29306.81
MinimumVisualStudioVersion = 10.0.40219.1
Project("{FAE04EC0-301F-11D3-BF4B-00C04F79EFBC}") = "Lab9 (3)", "Lab9 (3)\Lab9 (3).csproj", "{0F78E30A-06AD-4EB5-935C-5121F65FB819}"
EndProject
Global
	GlobalSection(SolutionConfigurationPlatforms) = preSolution
		Debug|Any CPU = Debug|Any CPU
		Release|Any CPU = Release|Any CPU
	EndGlobalSection
	GlobalSection(ProjectConfigurationPlatforms) = postSolution
		{0F78E30A-06AD-4EB5-935C-5121F65FB819}.Debug|Any CPU.ActiveCfg = Debug|Any CPU
		{0F78E30A-06AD-4EB5-935C-5121F65FB819}.Debug|Any CPU.Build.0 = Debug|Any CPU
		{0F78E30A-06AD-4EB5-935C-5121F65FB819}.Release|Any CPU.ActiveCfg = Release|Any CPU
		{0F78E30A-06AD-4EB5-935C-5121F65FB819}.Release|Any CPU.Build.0 = Release|Any CPU
	EndGlobalSection
	GlobalSection(SolutionProperties) = preSolution
		HideSolutionNode = FALSE
	EndGlobalSection
	GlobalSection(ExtensibilityGlobals) = postSolution
		SolutionGuid = {16BB160B-8E36-4EAB-9049-3414F1DD89A5}
	EndGlobalSection
EndGlobal
